
Microsoft Visual Studio Solution File, Format Version 12.00
# Visual Studio Version 17
VisualStudioVersion = 17.13.35931.197 d17.13
MinimumVisualStudioVersion = 10.0.40219.1
Project("{FAE04EC0-301F-11D3-BF4B-00C04F79EFBC}") = "GenerateSVG", "GenerateSVG\GenerateSVG.csproj", "{958D39A1-B40D-42F0-A824-4F5E55CE9102}"
EndProject
Global
	GlobalSection(SolutionConfigurationPlatforms) = preSolution
		Debug|Any CPU = Debug|Any CPU
		Release|Any CPU = Release|Any CPU
	EndGlobalSection
	GlobalSection(ProjectConfigurationPlatforms) = postSolution
		{958D39A1-B40D-42F0-A824-4F5E55CE9102}.Debug|Any CPU.ActiveCfg = Debug|Any CPU
		{958D39A1-B40D-42F0-A824-4F5E55CE9102}.Debug|Any CPU.Build.0 = Debug|Any CPU
		{958D39A1-B40D-42F0-A824-4F5E55CE9102}.Release|Any CPU.ActiveCfg = Release|Any CPU
		{958D39A1-B40D-42F0-A824-4F5E55CE9102}.Release|Any CPU.Build.0 = Release|Any CPU
	EndGlobalSection
	GlobalSection(SolutionProperties) = preSolution
		HideSolutionNode = FALSE
	EndGlobalSection
	GlobalSection(ExtensibilityGlobals) = postSolution
		SolutionGuid = {D1132A62-515C-4982-A055-17CA42078674}
	EndGlobalSection
EndGlobal
